
Microsoft Visual Studio Solution File, Format Version 12.00
# Visual Studio Version 16
VisualStudioVersion = 16.0.30611.23
MinimumVisualStudioVersion = 10.0.40219.1
Project("{FAE04EC0-301F-11D3-BF4B-00C04F79EFBC}") = "RequestWorkflow", "RequestWorkflow\RequestWorkflow.csproj", "{766F503D-2476-493D-BF32-5BFA16FB8764}"
EndProject
Global
	GlobalSection(SolutionConfigurationPlatforms) = preSolution
		Debug|Any CPU = Debug|Any CPU
		Release|Any CPU = Release|Any CPU
	EndGlobalSection
	GlobalSection(ProjectConfigurationPlatforms) = postSolution
		{766F503D-2476-493D-BF32-5BFA16FB8764}.Debug|Any CPU.ActiveCfg = Debug|Any CPU
		{766F503D-2476-493D-BF32-5BFA16FB8764}.Debug|Any CPU.Build.0 = Debug|Any CPU
		{766F503D-2476-493D-BF32-5BFA16FB8764}.Release|Any CPU.ActiveCfg = Release|Any CPU
		{766F503D-2476-493D-BF32-5BFA16FB8764}.Release|Any CPU.Build.0 = Release|Any CPU
	EndGlobalSection
	GlobalSection(SolutionProperties) = preSolution
		HideSolutionNode = FALSE
	EndGlobalSection
	GlobalSection(ExtensibilityGlobals) = postSolution
		SolutionGuid = {25A0E648-16B6-4292-A72B-300419FFEDFB}
	EndGlobalSection
EndGlobal
